// !$*UTF8*$!
{
	archiveVersion = 1;
	classes = {
	};
	objectVersion = 46;
	objects = {

/* Begin PBXBuildFile section */
		B0172EA91B8DEA7D00EB0E21 /* Pin.swift in Sources */ = {isa = PBXBuildFile; fileRef = B0172EA81B8DEA7D00EB0E21 /* Pin.swift */; };
		B0172EAB1B8DEAC600EB0E21 /* Photo.swift in Sources */ = {isa = PBXBuildFile; fileRef = B0172EAA1B8DEAC600EB0E21 /* Photo.swift */; };
		B0172EAF1B92DF7300EB0E21 /* UserMapRegion.swift in Sources */ = {isa = PBXBuildFile; fileRef = B0172EAE1B92DF7300EB0E21 /* UserMapRegion.swift */; };
		B024214D1BA6E95A00317CAE /* FlickrClient.swift in Sources */ = {isa = PBXBuildFile; fileRef = B024214C1BA6E95A00317CAE /* FlickrClient.swift */; };
		B024214F1BA6E96B00317CAE /* FlickrConstants.swift in Sources */ = {isa = PBXBuildFile; fileRef = B024214E1BA6E96B00317CAE /* FlickrConstants.swift */; };
		B02421511BA6E97900317CAE /* FlickrConvenience.swift in Sources */ = {isa = PBXBuildFile; fileRef = B02421501BA6E97900317CAE /* FlickrConvenience.swift */; };
		B035713F1BA1A70E000A99F3 /* PhotoAlbumController.swift in Sources */ = {isa = PBXBuildFile; fileRef = B035713E1BA1A70E000A99F3 /* PhotoAlbumController.swift */; };
		B0600C201BAEDF19007623DD /* PhotoCollectionViewCell.swift in Sources */ = {isa = PBXBuildFile; fileRef = B0600C1F1BAEDF19007623DD /* PhotoCollectionViewCell.swift */; };
		B0600C221BAEE6CA007623DD /* UIViewRotate.swift in Sources */ = {isa = PBXBuildFile; fileRef = B0600C211BAEE6CA007623DD /* UIViewRotate.swift */; };
		B0600C241BAEE79E007623DD /* ImageCache.swift in Sources */ = {isa = PBXBuildFile; fileRef = B0600C231BAEE79E007623DD /* ImageCache.swift */; };
		B07103331B89BEC500CF816B /* CoreDataStackManager.swift in Sources */ = {isa = PBXBuildFile; fileRef = B07103321B89BEC500CF816B /* CoreDataStackManager.swift */; };
		B08555D21B84A0E80008E482 /* AppDelegate.swift in Sources */ = {isa = PBXBuildFile; fileRef = B08555D11B84A0E80008E482 /* AppDelegate.swift */; };
		B08555D51B84A0E80008E482 /* VirtualTourist.xcdatamodeld in Sources */ = {isa = PBXBuildFile; fileRef = B08555D31B84A0E80008E482 /* VirtualTourist.xcdatamodeld */; };
		B08555D71B84A0E80008E482 /* TravelLocationController.swift in Sources */ = {isa = PBXBuildFile; fileRef = B08555D61B84A0E80008E482 /* TravelLocationController.swift */; };
		B08555DA1B84A0E80008E482 /* Main.storyboard in Resources */ = {isa = PBXBuildFile; fileRef = B08555D81B84A0E80008E482 /* Main.storyboard */; };
		B08555DC1B84A0E80008E482 /* Images.xcassets in Resources */ = {isa = PBXBuildFile; fileRef = B08555DB1B84A0E80008E482 /* Images.xcassets */; };
		B08555DF1B84A0E80008E482 /* LaunchScreen.xib in Resources */ = {isa = PBXBuildFile; fileRef = B08555DD1B84A0E80008E482 /* LaunchScreen.xib */; };
		B08555EB1B84A0E80008E482 /* VirtualTouristTests.swift in Sources */ = {isa = PBXBuildFile; fileRef = B08555EA1B84A0E80008E482 /* VirtualTouristTests.swift */; };
		B08555F81B84ADD30008E482 /* MapKit.framework in Frameworks */ = {isa = PBXBuildFile; fileRef = B08555F71B84ADD20008E482 /* MapKit.framework */; };
/* End PBXBuildFile section */

/* Begin PBXContainerItemProxy section */
		B08555E51B84A0E80008E482 /* PBXContainerItemProxy */ = {
			isa = PBXContainerItemProxy;
			containerPortal = B08555C41B84A0E80008E482 /* Project object */;
			proxyType = 1;
			remoteGlobalIDString = B08555CB1B84A0E80008E482;
			remoteInfo = VirtualTourist;
		};
/* End PBXContainerItemProxy section */

/* Begin PBXFileReference section */
		B0172EA81B8DEA7D00EB0E21 /* Pin.swift */ = {isa = PBXFileReference; fileEncoding = 4; lastKnownFileType = sourcecode.swift; path = Pin.swift; sourceTree = "<group>"; };
		B0172EAA1B8DEAC600EB0E21 /* Photo.swift */ = {isa = PBXFileReference; fileEncoding = 4; lastKnownFileType = sourcecode.swift; path = Photo.swift; sourceTree = "<group>"; };
		B0172EAE1B92DF7300EB0E21 /* UserMapRegion.swift */ = {isa = PBXFileReference; fileEncoding = 4; lastKnownFileType = sourcecode.swift; path = UserMapRegion.swift; sourceTree = "<group>"; };
		B024214C1BA6E95A00317CAE /* FlickrClient.swift */ = {isa = PBXFileReference; fileEncoding = 4; lastKnownFileType = sourcecode.swift; path = FlickrClient.swift; sourceTree = "<group>"; };
		B024214E1BA6E96B00317CAE /* FlickrConstants.swift */ = {isa = PBXFileReference; fileEncoding = 4; lastKnownFileType = sourcecode.swift; path = FlickrConstants.swift; sourceTree = "<group>"; };
		B02421501BA6E97900317CAE /* FlickrConvenience.swift */ = {isa = PBXFileReference; fileEncoding = 4; lastKnownFileType = sourcecode.swift; path = FlickrConvenience.swift; sourceTree = "<group>"; };
		B035713E1BA1A70E000A99F3 /* PhotoAlbumController.swift */ = {isa = PBXFileReference; fileEncoding = 4; lastKnownFileType = sourcecode.swift; path = PhotoAlbumController.swift; sourceTree = "<group>"; };
		B0600C1F1BAEDF19007623DD /* PhotoCollectionViewCell.swift */ = {isa = PBXFileReference; fileEncoding = 4; lastKnownFileType = sourcecode.swift; path = PhotoCollectionViewCell.swift; sourceTree = "<group>"; };
		B0600C211BAEE6CA007623DD /* UIViewRotate.swift */ = {isa = PBXFileReference; fileEncoding = 4; lastKnownFileType = sourcecode.swift; path = UIViewRotate.swift; sourceTree = "<group>"; };
		B0600C231BAEE79E007623DD /* ImageCache.swift */ = {isa = PBXFileReference; fileEncoding = 4; lastKnownFileType = sourcecode.swift; path = ImageCache.swift; sourceTree = "<group>"; };
		B07103321B89BEC500CF816B /* CoreDataStackManager.swift */ = {isa = PBXFileReference; fileEncoding = 4; lastKnownFileType = sourcecode.swift; path = CoreDataStackManager.swift; sourceTree = "<group>"; };
		B08555CC1B84A0E80008E482 /* VirtualTourist.app */ = {isa = PBXFileReference; explicitFileType = wrapper.application; includeInIndex = 0; path = VirtualTourist.app; sourceTree = BUILT_PRODUCTS_DIR; };
		B08555D01B84A0E80008E482 /* Info.plist */ = {isa = PBXFileReference; lastKnownFileType = text.plist.xml; path = Info.plist; sourceTree = "<group>"; };
		B08555D11B84A0E80008E482 /* AppDelegate.swift */ = {isa = PBXFileReference; lastKnownFileType = sourcecode.swift; path = AppDelegate.swift; sourceTree = "<group>"; };
		B08555D41B84A0E80008E482 /* VirtualTourist.xcdatamodel */ = {isa = PBXFileReference; lastKnownFileType = wrapper.xcdatamodel; path = VirtualTourist.xcdatamodel; sourceTree = "<group>"; };
		B08555D61B84A0E80008E482 /* TravelLocationController.swift */ = {isa = PBXFileReference; lastKnownFileType = sourcecode.swift; path = TravelLocationController.swift; sourceTree = "<group>"; };
		B08555D91B84A0E80008E482 /* Base */ = {isa = PBXFileReference; lastKnownFileType = file.storyboard; name = Base; path = Base.lproj/Main.storyboard; sourceTree = "<group>"; };
		B08555DB1B84A0E80008E482 /* Images.xcassets */ = {isa = PBXFileReference; lastKnownFileType = folder.assetcatalog; path = Images.xcassets; sourceTree = "<group>"; };
		B08555DE1B84A0E80008E482 /* Base */ = {isa = PBXFileReference; lastKnownFileType = file.xib; name = Base; path = Base.lproj/LaunchScreen.xib; sourceTree = "<group>"; };
		B08555E41B84A0E80008E482 /* VirtualTouristTests.xctest */ = {isa = PBXFileReference; explicitFileType = wrapper.cfbundle; includeInIndex = 0; path = VirtualTouristTests.xctest; sourceTree = BUILT_PRODUCTS_DIR; };
		B08555E91B84A0E80008E482 /* Info.plist */ = {isa = PBXFileReference; lastKnownFileType = text.plist.xml; path = Info.plist; sourceTree = "<group>"; };
		B08555EA1B84A0E80008E482 /* VirtualTouristTests.swift */ = {isa = PBXFileReference; lastKnownFileType = sourcecode.swift; path = VirtualTouristTests.swift; sourceTree = "<group>"; };
		B08555F71B84ADD20008E482 /* MapKit.framework */ = {isa = PBXFileReference; lastKnownFileType = wrapper.framework; name = MapKit.framework; path = System/Library/Frameworks/MapKit.framework; sourceTree = SDKROOT; };
/* End PBXFileReference section */

/* Begin PBXFrameworksBuildPhase section */
		B08555C91B84A0E80008E482 /* Frameworks */ = {
			isa = PBXFrameworksBuildPhase;
			buildActionMask = 2147483647;
			files = (
				B08555F81B84ADD30008E482 /* MapKit.framework in Frameworks */,
			);
			runOnlyForDeploymentPostprocessing = 0;
		};
		B08555E11B84A0E80008E482 /* Frameworks */ = {
			isa = PBXFrameworksBuildPhase;
			buildActionMask = 2147483647;
			files = (
			);
			runOnlyForDeploymentPostprocessing = 0;
		};
/* End PBXFrameworksBuildPhase section */

/* Begin PBXGroup section */
		B024214A1BA6E93800317CAE /* Clients */ = {
			isa = PBXGroup;
			children = (
				B024214B1BA6E94900317CAE /* Flickr */,
			);
			name = Clients;
			sourceTree = "<group>";
		};
		B024214B1BA6E94900317CAE /* Flickr */ = {
			isa = PBXGroup;
			children = (
				B024214C1BA6E95A00317CAE /* FlickrClient.swift */,
				B024214E1BA6E96B00317CAE /* FlickrConstants.swift */,
				B02421501BA6E97900317CAE /* FlickrConvenience.swift */,
			);
			name = Flickr;
			sourceTree = "<group>";
		};
		B08555C31B84A0E80008E482 = {
			isa = PBXGroup;
			children = (
				B08555F71B84ADD20008E482 /* MapKit.framework */,
				B08555CE1B84A0E80008E482 /* VirtualTourist */,
				B08555E71B84A0E80008E482 /* VirtualTouristTests */,
				B08555CD1B84A0E80008E482 /* Products */,
			);
			sourceTree = "<group>";
		};
		B08555CD1B84A0E80008E482 /* Products */ = {
			isa = PBXGroup;
			children = (
				B08555CC1B84A0E80008E482 /* VirtualTourist.app */,
				B08555E41B84A0E80008E482 /* VirtualTouristTests.xctest */,
			);
			name = Products;
			sourceTree = "<group>";
		};
		B08555CE1B84A0E80008E482 /* VirtualTourist */ = {
			isa = PBXGroup;
			children = (
				B08555F41B84AC770008E482 /* Controllers */,
				B08555F61B84AC830008E482 /* Models */,
				B08555F51B84AC7C0008E482 /* Views */,
				B08555D11B84A0E80008E482 /* AppDelegate.swift */,
				B08555CF1B84A0E80008E482 /* Supporting Files */,
			);
			path = VirtualTourist;
			sourceTree = "<group>";
		};
		B08555CF1B84A0E80008E482 /* Supporting Files */ = {
			isa = PBXGroup;
			children = (
				B08555D01B84A0E80008E482 /* Info.plist */,
			);
			name = "Supporting Files";
			sourceTree = "<group>";
		};
		B08555E71B84A0E80008E482 /* VirtualTouristTests */ = {
			isa = PBXGroup;
			children = (
				B08555EA1B84A0E80008E482 /* VirtualTouristTests.swift */,
				B08555E81B84A0E80008E482 /* Supporting Files */,
			);
			path = VirtualTouristTests;
			sourceTree = "<group>";
		};
		B08555E81B84A0E80008E482 /* Supporting Files */ = {
			isa = PBXGroup;
			children = (
				B08555E91B84A0E80008E482 /* Info.plist */,
			);
			name = "Supporting Files";
			sourceTree = "<group>";
		};
		B08555F41B84AC770008E482 /* Controllers */ = {
			isa = PBXGroup;
			children = (
				B08555D61B84A0E80008E482 /* TravelLocationController.swift */,
				B035713E1BA1A70E000A99F3 /* PhotoAlbumController.swift */,
			);
			name = Controllers;
			sourceTree = "<group>";
		};
		B08555F51B84AC7C0008E482 /* Views */ = {
			isa = PBXGroup;
			children = (
				B08555DB1B84A0E80008E482 /* Images.xcassets */,
				B08555DD1B84A0E80008E482 /* LaunchScreen.xib */,
				B08555D81B84A0E80008E482 /* Main.storyboard */,
				B0600C1F1BAEDF19007623DD /* PhotoCollectionViewCell.swift */,
				B0600C211BAEE6CA007623DD /* UIViewRotate.swift */,
			);
			name = Views;
			sourceTree = "<group>";
		};
		B08555F61B84AC830008E482 /* Models */ = {
			isa = PBXGroup;
			children = (
				B024214A1BA6E93800317CAE /* Clients */,
				B08555D31B84A0E80008E482 /* VirtualTourist.xcdatamodeld */,
				B07103321B89BEC500CF816B /* CoreDataStackManager.swift */,
				B0172EA81B8DEA7D00EB0E21 /* Pin.swift */,
				B0172EAA1B8DEAC600EB0E21 /* Photo.swift */,
				B0172EAE1B92DF7300EB0E21 /* UserMapRegion.swift */,
				B0600C231BAEE79E007623DD /* ImageCache.swift */,
			);
			name = Models;
			sourceTree = "<group>";
		};
/* End PBXGroup section */

/* Begin PBXNativeTarget section */
		B08555CB1B84A0E80008E482 /* VirtualTourist */ = {
			isa = PBXNativeTarget;
			buildConfigurationList = B08555EE1B84A0E80008E482 /* Build configuration list for PBXNativeTarget "VirtualTourist" */;
			buildPhases = (
				B08555C81B84A0E80008E482 /* Sources */,
				B08555C91B84A0E80008E482 /* Frameworks */,
				B08555CA1B84A0E80008E482 /* Resources */,
			);
			buildRules = (
			);
			dependencies = (
			);
			name = VirtualTourist;
			productName = VirtualTourist;
			productReference = B08555CC1B84A0E80008E482 /* VirtualTourist.app */;
			productType = "com.apple.product-type.application";
		};
		B08555E31B84A0E80008E482 /* VirtualTouristTests */ = {
			isa = PBXNativeTarget;
			buildConfigurationList = B08555F11B84A0E80008E482 /* Build configuration list for PBXNativeTarget "VirtualTouristTests" */;
			buildPhases = (
				B08555E01B84A0E80008E482 /* Sources */,
				B08555E11B84A0E80008E482 /* Frameworks */,
				B08555E21B84A0E80008E482 /* Resources */,
			);
			buildRules = (
			);
			dependencies = (
				B08555E61B84A0E80008E482 /* PBXTargetDependency */,
			);
			name = VirtualTouristTests;
			productName = VirtualTouristTests;
			productReference = B08555E41B84A0E80008E482 /* VirtualTouristTests.xctest */;
			productType = "com.apple.product-type.bundle.unit-test";
		};
/* End PBXNativeTarget section */

/* Begin PBXProject section */
		B08555C41B84A0E80008E482 /* Project object */ = {
			isa = PBXProject;
			attributes = {
				LastSwiftMigration = 0700;
				LastSwiftUpdateCheck = 0700;
				LastUpgradeCheck = 0700;
				ORGANIZATIONNAME = horsemen;
				TargetAttributes = {
					B08555CB1B84A0E80008E482 = {
						CreatedOnToolsVersion = 6.3.1;
						SystemCapabilities = {
							com.apple.Maps.iOS = {
								enabled = 1;
							};
						};
					};
					B08555E31B84A0E80008E482 = {
						CreatedOnToolsVersion = 6.3.1;
						TestTargetID = B08555CB1B84A0E80008E482;
					};
				};
			};
			buildConfigurationList = B08555C71B84A0E80008E482 /* Build configuration list for PBXProject "VirtualTourist" */;
			compatibilityVersion = "Xcode 3.2";
			developmentRegion = English;
			hasScannedForEncodings = 0;
			knownRegions = (
				en,
				Base,
			);
			mainGroup = B08555C31B84A0E80008E482;
			productRefGroup = B08555CD1B84A0E80008E482 /* Products */;
			projectDirPath = "";
			projectRoot = "";
			targets = (
				B08555CB1B84A0E80008E482 /* VirtualTourist */,
				B08555E31B84A0E80008E482 /* VirtualTouristTests */,
			);
		};
/* End PBXProject section */

/* Begin PBXResourcesBuildPhase section */
		B08555CA1B84A0E80008E482 /* Resources */ = {
			isa = PBXResourcesBuildPhase;
			buildActionMask = 2147483647;
			files = (
				B08555DA1B84A0E80008E482 /* Main.storyboard in Resources */,
				B08555DF1B84A0E80008E482 /* LaunchScreen.xib in Resources */,
				B08555DC1B84A0E80008E482 /* Images.xcassets in Resources */,
			);
			runOnlyForDeploymentPostprocessing = 0;
		};
		B08555E21B84A0E80008E482 /* Resources */ = {
			isa = PBXResourcesBuildPhase;
			buildActionMask = 2147483647;
			files = (
			);
			runOnlyForDeploymentPostprocessing = 0;
		};
/* End PBXResourcesBuildPhase section */

/* Begin PBXSourcesBuildPhase section */
		B08555C81B84A0E80008E482 /* Sources */ = {
			isa = PBXSourcesBuildPhase;
			buildActionMask = 2147483647;
			files = (
				B0172EAB1B8DEAC600EB0E21 /* Photo.swift in Sources */,
				B0172EA91B8DEA7D00EB0E21 /* Pin.swift in Sources */,
				B08555D71B84A0E80008E482 /* TravelLocationController.swift in Sources */,
				B07103331B89BEC500CF816B /* CoreDataStackManager.swift in Sources */,
				B035713F1BA1A70E000A99F3 /* PhotoAlbumController.swift in Sources */,
				B0600C201BAEDF19007623DD /* PhotoCollectionViewCell.swift in Sources */,
				B08555D51B84A0E80008E482 /* VirtualTourist.xcdatamodeld in Sources */,
				B024214F1BA6E96B00317CAE /* FlickrConstants.swift in Sources */,
				B08555D21B84A0E80008E482 /* AppDelegate.swift in Sources */,
				B0172EAF1B92DF7300EB0E21 /* UserMapRegion.swift in Sources */,
				B02421511BA6E97900317CAE /* FlickrConvenience.swift in Sources */,
				B0600C221BAEE6CA007623DD /* UIViewRotate.swift in Sources */,
				B0600C241BAEE79E007623DD /* ImageCache.swift in Sources */,
				B024214D1BA6E95A00317CAE /* FlickrClient.swift in Sources */,
			);
			runOnlyForDeploymentPostprocessing = 0;
		};
		B08555E01B84A0E80008E482 /* Sources */ = {
			isa = PBXSourcesBuildPhase;
			buildActionMask = 2147483647;
			files = (
				B08555EB1B84A0E80008E482 /* VirtualTouristTests.swift in Sources */,
			);
			runOnlyForDeploymentPostprocessing = 0;
		};
/* End PBXSourcesBuildPhase section */

/* Begin PBXTargetDependency section */
		B08555E61B84A0E80008E482 /* PBXTargetDependency */ = {
			isa = PBXTargetDependency;
			target = B08555CB1B84A0E80008E482 /* VirtualTourist */;
			targetProxy = B08555E51B84A0E80008E482 /* PBXContainerItemProxy */;
		};
/* End PBXTargetDependency section */

/* Begin PBXVariantGroup section */
		B08555D81B84A0E80008E482 /* Main.storyboard */ = {
			isa = PBXVariantGroup;
			children = (
				B08555D91B84A0E80008E482 /* Base */,
			);
			name = Main.storyboard;
			sourceTree = "<group>";
		};
		B08555DD1B84A0E80008E482 /* LaunchScreen.xib */ = {
			isa = PBXVariantGroup;
			children = (
				B08555DE1B84A0E80008E482 /* Base */,
			);
			name = LaunchScreen.xib;
			sourceTree = "<group>";
		};
/* End PBXVariantGroup section */

/* Begin XCBuildConfiguration section */
		B08555EC1B84A0E80008E482 /* Debug */ = {
			isa = XCBuildConfiguration;
			buildSettings = {
				ALWAYS_SEARCH_USER_PATHS = NO;
				CLANG_CXX_LANGUAGE_STANDARD = "gnu++0x";
				CLANG_CXX_LIBRARY = "libc++";
				CLANG_ENABLE_MODULES = YES;
				CLANG_ENABLE_OBJC_ARC = YES;
				CLANG_WARN_BOOL_CONVERSION = YES;
				CLANG_WARN_CONSTANT_CONVERSION = YES;
				CLANG_WARN_DIRECT_OBJC_ISA_USAGE = YES_ERROR;
				CLANG_WARN_EMPTY_BODY = YES;
				CLANG_WARN_ENUM_CONVERSION = YES;
				CLANG_WARN_INT_CONVERSION = YES;
				CLANG_WARN_OBJC_ROOT_CLASS = YES_ERROR;
				CLANG_WARN_UNREACHABLE_CODE = YES;
				CLANG_WARN__DUPLICATE_METHOD_MATCH = YES;
				"CODE_SIGN_IDENTITY[sdk=iphoneos*]" = "iPhone Developer";
				COPY_PHASE_STRIP = NO;
				DEBUG_INFORMATION_FORMAT = "dwarf-with-dsym";
				ENABLE_STRICT_OBJC_MSGSEND = YES;
				ENABLE_TESTABILITY = YES;
				GCC_C_LANGUAGE_STANDARD = gnu99;
				GCC_DYNAMIC_NO_PIC = NO;
				GCC_NO_COMMON_BLOCKS = YES;
				GCC_OPTIMIZATION_LEVEL = 0;
				GCC_PREPROCESSOR_DEFINITIONS = (
					"DEBUG=1",
					"$(inherited)",
				);
				GCC_SYMBOLS_PRIVATE_EXTERN = NO;
				GCC_WARN_64_TO_32_BIT_CONVERSION = YES;
				GCC_WARN_ABOUT_RETURN_TYPE = YES_ERROR;
				GCC_WARN_UNDECLARED_SELECTOR = YES;
				GCC_WARN_UNINITIALIZED_AUTOS = YES_AGGRESSIVE;
				GCC_WARN_UNUSED_FUNCTION = YES;
				GCC_WARN_UNUSED_VARIABLE = YES;
				IPHONEOS_DEPLOYMENT_TARGET = 8.3;
				MTL_ENABLE_DEBUG_INFO = YES;
				ONLY_ACTIVE_ARCH = YES;
				SDKROOT = iphoneos;
				SWIFT_OPTIMIZATION_LEVEL = "-Onone";
			};
			name = Debug;
		};
		B08555ED1B84A0E80008E482 /* Release */ = {
			isa = XCBuildConfiguration;
			buildSettings = {
				ALWAYS_SEARCH_USER_PATHS = NO;
				CLANG_CXX_LANGUAGE_STANDARD = "gnu++0x";
				CLANG_CXX_LIBRARY = "libc++";
				CLANG_ENABLE_MODULES = YES;
				CLANG_ENABLE_OBJC_ARC = YES;
				CLANG_WARN_BOOL_CONVERSION = YES;
				CLANG_WARN_CONSTANT_CONVERSION = YES;
				CLANG_WARN_DIRECT_OBJC_ISA_USAGE = YES_ERROR;
				CLANG_WARN_EMPTY_BODY = YES;
				CLANG_WARN_ENUM_CONVERSION = YES;
				CLANG_WARN_INT_CONVERSION = YES;
				CLANG_WARN_OBJC_ROOT_CLASS = YES_ERROR;
				CLANG_WARN_UNREACHABLE_CODE = YES;
				CLANG_WARN__DUPLICATE_METHOD_MATCH = YES;
				"CODE_SIGN_IDENTITY[sdk=iphoneos*]" = "iPhone Developer";
				COPY_PHASE_STRIP = NO;
				DEBUG_INFORMATION_FORMAT = "dwarf-with-dsym";
				ENABLE_NS_ASSERTIONS = NO;
				ENABLE_STRICT_OBJC_MSGSEND = YES;
				GCC_C_LANGUAGE_STANDARD = gnu99;
				GCC_NO_COMMON_BLOCKS = YES;
				GCC_WARN_64_TO_32_BIT_CONVERSION = YES;
				GCC_WARN_ABOUT_RETURN_TYPE = YES_ERROR;
				GCC_WARN_UNDECLARED_SELECTOR = YES;
				GCC_WARN_UNINITIALIZED_AUTOS = YES_AGGRESSIVE;
				GCC_WARN_UNUSED_FUNCTION = YES;
				GCC_WARN_UNUSED_VARIABLE = YES;
				IPHONEOS_DEPLOYMENT_TARGET = 8.3;
				MTL_ENABLE_DEBUG_INFO = NO;
				SDKROOT = iphoneos;
				VALIDATE_PRODUCT = YES;
			};
			name = Release;
		};
		B08555EF1B84A0E80008E482 /* Debug */ = {
			isa = XCBuildConfiguration;
			buildSettings = {
				ASSETCATALOG_COMPILER_APPICON_NAME = AppIcon;
				INFOPLIST_FILE = VirtualTourist/Info.plist;
				LD_RUNPATH_SEARCH_PATHS = "$(inherited) @executable_path/Frameworks";
				PRODUCT_BUNDLE_IDENTIFIER = "com.horsemen.$(PRODUCT_NAME:rfc1034identifier)";
				PRODUCT_NAME = "$(TARGET_NAME)";
			};
			name = Debug;
		};
		B08555F01B84A0E80008E482 /* Release */ = {
			isa = XCBuildConfiguration;
			buildSettings = {
				ASSETCATALOG_COMPILER_APPICON_NAME = AppIcon;
				INFOPLIST_FILE = VirtualTourist/Info.plist;
				LD_RUNPATH_SEARCH_PATHS = "$(inherited) @executable_path/Frameworks";
				PRODUCT_BUNDLE_IDENTIFIER = "com.horsemen.$(PRODUCT_NAME:rfc1034identifier)";
				PRODUCT_NAME = "$(TARGET_NAME)";
			};
			name = Release;
		};
		B08555F21B84A0E80008E482 /* Debug */ = {
			isa = XCBuildConfiguration;
			buildSettings = {
				BUNDLE_LOADER = "$(TEST_HOST)";
				FRAMEWORK_SEARCH_PATHS = (
					"$(SDKROOT)/Developer/Library/Frameworks",
					"$(inherited)",
				);
				GCC_PREPROCESSOR_DEFINITIONS = (
					"DEBUG=1",
					"$(inherited)",
				);
				INFOPLIST_FILE = VirtualTouristTests/Info.plist;
				LD_RUNPATH_SEARCH_PATHS = "$(inherited) @executable_path/Frameworks @loader_path/Frameworks";
				PRODUCT_BUNDLE_IDENTIFIER = "com.horsemen.$(PRODUCT_NAME:rfc1034identifier)";
				PRODUCT_NAME = "$(TARGET_NAME)";
				TEST_HOST = "$(BUILT_PRODUCTS_DIR)/VirtualTourist.app/VirtualTourist";
			};
			name = Debug;
		};
		B08555F31B84A0E80008E482 /* Release */ = {
			isa = XCBuildConfiguration;
			buildSettings = {
				BUNDLE_LOADER = "$(TEST_HOST)";
				FRAMEWORK_SEARCH_PATHS = (
					"$(SDKROOT)/Developer/Library/Frameworks",
					"$(inherited)",
				);
				INFOPLIST_FILE = VirtualTouristTests/Info.plist;
				LD_RUNPATH_SEARCH_PATHS = "$(inherited) @executable_path/Frameworks @loader_path/Frameworks";
				PRODUCT_BUNDLE_IDENTIFIER = "com.horsemen.$(PRODUCT_NAME:rfc1034identifier)";
				PRODUCT_NAME = "$(TARGET_NAME)";
				TEST_HOST = "$(BUILT_PRODUCTS_DIR)/VirtualTourist.app/VirtualTourist";
			};
			name = Release;
		};
/* End XCBuildConfiguration section */

/* Begin XCConfigurationList section */
		B08555C71B84A0E80008E482 /* Build configuration list for PBXProject "VirtualTourist" */ = {
			isa = XCConfigurationList;
			buildConfigurations = (
				B08555EC1B84A0E80008E482 /* Debug */,
				B08555ED1B84A0E80008E482 /* Release */,
			);
			defaultConfigurationIsVisible = 0;
			defaultConfigurationName = Release;
		};
		B08555EE1B84A0E80008E482 /* Build configuration list for PBXNativeTarget "VirtualTourist" */ = {
			isa = XCConfigurationList;
			buildConfigurations = (
				B08555EF1B84A0E80008E482 /* Debug */,
				B08555F01B84A0E80008E482 /* Release */,
			);
			defaultConfigurationIsVisible = 0;
			defaultConfigurationName = Release;
		};
		B08555F11B84A0E80008E482 /* Build configuration list for PBXNativeTarget "VirtualTouristTests" */ = {
			isa = XCConfigurationList;
			buildConfigurations = (
				B08555F21B84A0E80008E482 /* Debug */,
				B08555F31B84A0E80008E482 /* Release */,
			);
			defaultConfigurationIsVisible = 0;
			defaultConfigurationName = Release;
		};
/* End XCConfigurationList section */

/* Begin XCVersionGroup section */
		B08555D31B84A0E80008E482 /* VirtualTourist.xcdatamodeld */ = {
			isa = XCVersionGroup;
			children = (
				B08555D41B84A0E80008E482 /* VirtualTourist.xcdatamodel */,
			);
			currentVersion = B08555D41B84A0E80008E482 /* VirtualTourist.xcdatamodel */;
			path = VirtualTourist.xcdatamodeld;
			sourceTree = "<group>";
			versionGroupType = wrapper.xcdatamodel;
		};
/* End XCVersionGroup section */
	};
	rootObject = B08555C41B84A0E80008E482 /* Project object */;
}
